
Microsoft Visual Studio Solution File, Format Version 12.00
# Visual Studio Version 16
VisualStudioVersion = 16.0.31321.278
MinimumVisualStudioVersion = 10.0.40219.1
Project("{FAE04EC0-301F-11D3-BF4B-00C04F79EFBC}") = "Example_01", "Example_01\Example_01.csproj", "{0935DA08-98D3-4CE4-B0F1-E218E1D3577D}"
EndProject
Project("{FAE04EC0-301F-11D3-BF4B-00C04F79EFBC}") = "Example_02", "Example_02\Example_02.csproj", "{093E6790-7B68-443F-96C4-389D099B3531}"
EndProject
Project("{FAE04EC0-301F-11D3-BF4B-00C04F79EFBC}") = "Example_03", "Example_03\Example_03.csproj", "{4A20EEFA-F5E7-49E0-A1B3-87D31FEBE2DC}"
EndProject
Global
	GlobalSection(SolutionConfigurationPlatforms) = preSolution
		Debug|Any CPU = Debug|Any CPU
		Release|Any CPU = Release|Any CPU
	EndGlobalSection
	GlobalSection(ProjectConfigurationPlatforms) = postSolution
		{0935DA08-98D3-4CE4-B0F1-E218E1D3577D}.Debug|Any CPU.ActiveCfg = Debug|Any CPU
		{0935DA08-98D3-4CE4-B0F1-E218E1D3577D}.Debug|Any CPU.Build.0 = Debug|Any CPU
		{0935DA08-98D3-4CE4-B0F1-E218E1D3577D}.Release|Any CPU.ActiveCfg = Release|Any CPU
		{0935DA08-98D3-4CE4-B0F1-E218E1D3577D}.Release|Any CPU.Build.0 = Release|Any CPU
		{093E6790-7B68-443F-96C4-389D099B3531}.Debug|Any CPU.ActiveCfg = Debug|Any CPU
		{093E6790-7B68-443F-96C4-389D099B3531}.Debug|Any CPU.Build.0 = Debug|Any CPU
		{093E6790-7B68-443F-96C4-389D099B3531}.Release|Any CPU.ActiveCfg = Release|Any CPU
		{093E6790-7B68-443F-96C4-389D099B3531}.Release|Any CPU.Build.0 = Release|Any CPU
		{4A20EEFA-F5E7-49E0-A1B3-87D31FEBE2DC}.Debug|Any CPU.ActiveCfg = Debug|Any CPU
		{4A20EEFA-F5E7-49E0-A1B3-87D31FEBE2DC}.Debug|Any CPU.Build.0 = Debug|Any CPU
		{4A20EEFA-F5E7-49E0-A1B3-87D31FEBE2DC}.Release|Any CPU.ActiveCfg = Release|Any CPU
		{4A20EEFA-F5E7-49E0-A1B3-87D31FEBE2DC}.Release|Any CPU.Build.0 = Release|Any CPU
	EndGlobalSection
	GlobalSection(SolutionProperties) = preSolution
		HideSolutionNode = FALSE
	EndGlobalSection
	GlobalSection(ExtensibilityGlobals) = postSolution
		SolutionGuid = {C3FBFB70-648D-4626-9778-A950BD90CF3E}
	EndGlobalSection
EndGlobal
